
Microsoft Visual Studio Solution File, Format Version 12.00
# Visual Studio Version 17
VisualStudioVersion = 17.2.32526.322
MinimumVisualStudioVersion = 10.0.40219.1
Project("{FAE04EC0-301F-11D3-BF4B-00C04F79EFBC}") = "Stack_ArrayImplementation", "Stack_ArrayImplementation\Stack_ArrayImplementation.csproj", "{7FD7FB41-6308-4F51-8C12-64FC4518E15A}"
EndProject
Global
	GlobalSection(SolutionConfigurationPlatforms) = preSolution
		Debug|Any CPU = Debug|Any CPU
		Release|Any CPU = Release|Any CPU
	EndGlobalSection
	GlobalSection(ProjectConfigurationPlatforms) = postSolution
		{7FD7FB41-6308-4F51-8C12-64FC4518E15A}.Debug|Any CPU.ActiveCfg = Debug|Any CPU
		{7FD7FB41-6308-4F51-8C12-64FC4518E15A}.Debug|Any CPU.Build.0 = Debug|Any CPU
		{7FD7FB41-6308-4F51-8C12-64FC4518E15A}.Release|Any CPU.ActiveCfg = Release|Any CPU
		{7FD7FB41-6308-4F51-8C12-64FC4518E15A}.Release|Any CPU.Build.0 = Release|Any CPU
	EndGlobalSection
	GlobalSection(SolutionProperties) = preSolution
		HideSolutionNode = FALSE
	EndGlobalSection
	GlobalSection(ExtensibilityGlobals) = postSolution
		SolutionGuid = {10D243E1-8D10-4E24-9AF3-E72E3D82F757}
	EndGlobalSection
EndGlobal
